// !$*UTF8*$!
{
	archiveVersion = 1;
	classes = {
	};
	objectVersion = 50;
	objects = {

/* Begin PBXBuildFile section */
		3227FDBE258B084A00ED046A /* AppDelegate.m in Sources */ = {isa = PBXBuildFile; fileRef = 3227FDBD258B084A00ED046A /* AppDelegate.m */; };
		3227FDC1258B084A00ED046A /* SceneDelegate.m in Sources */ = {isa = PBXBuildFile; fileRef = 3227FDC0258B084A00ED046A /* SceneDelegate.m */; };
		3227FDC4258B084A00ED046A /* ViewController.m in Sources */ = {isa = PBXBuildFile; fileRef = 3227FDC3258B084A00ED046A /* ViewController.m */; };
		3227FDC7258B084A00ED046A /* Main.storyboard in Resources */ = {isa = PBXBuildFile; fileRef = 3227FDC5258B084A00ED046A /* Main.storyboard */; };
		3227FDC9258B084F00ED046A /* Assets.xcassets in Resources */ = {isa = PBXBuildFile; fileRef = 3227FDC8258B084F00ED046A /* Assets.xcassets */; };
		3227FDCC258B084F00ED046A /* LaunchScreen.storyboard in Resources */ = {isa = PBXBuildFile; fileRef = 3227FDCA258B084F00ED046A /* LaunchScreen.storyboard */; };
		3227FDCF258B084F00ED046A /* main.m in Sources */ = {isa = PBXBuildFile; fileRef = 3227FDCE258B084F00ED046A /* main.m */; };
		3227FDE6258C3FDC00ED046A /* 01.jpg in Resources */ = {isa = PBXBuildFile; fileRef = 3227FDE4258C3FDC00ED046A /* 01.jpg */; };
		3227FDE7258C3FDC00ED046A /* 02.jpg in Resources */ = {isa = PBXBuildFile; fileRef = 3227FDE5258C3FDC00ED046A /* 02.jpg */; };
		3227FDEF258C3FE800ED046A /* CAAnimationViewController.m in Sources */ = {isa = PBXBuildFile; fileRef = 3227FDEA258C3FE800ED046A /* CAAnimationViewController.m */; };
		3227FDF0258C3FE800ED046A /* CATransitionViewController.m in Sources */ = {isa = PBXBuildFile; fileRef = 3227FDEB258C3FE800ED046A /* CATransitionViewController.m */; };
		3227FDF1258C3FE800ED046A /* GJAnimationDemo.xcdatamodeld in Sources */ = {isa = PBXBuildFile; fileRef = 3227FDED258C3FE800ED046A /* GJAnimationDemo.xcdatamodeld */; };
		3227FDF7258C3FF700ED046A /* NFCManager.m in Sources */ = {isa = PBXBuildFile; fileRef = 3227FDF2258C3FF600ED046A /* NFCManager.m */; };
		3227FDF8258C3FF700ED046A /* NFCScanViewController.m in Sources */ = {isa = PBXBuildFile; fileRef = 3227FDF4258C3FF700ED046A /* NFCScanViewController.m */; };
		3227FDF9258C3FF700ED046A /* NFCScanViewController.xib in Resources */ = {isa = PBXBuildFile; fileRef = 3227FDF6258C3FF700ED046A /* NFCScanViewController.xib */; };
/* End PBXBuildFile section */

/* Begin PBXFileReference section */
		3227FDB9258B084A00ED046A /* HelloWorld.app */ = {isa = PBXFileReference; explicitFileType = wrapper.application; includeInIndex = 0; path = HelloWorld.app; sourceTree = BUILT_PRODUCTS_DIR; };
		3227FDBC258B084A00ED046A /* AppDelegate.h */ = {isa = PBXFileReference; lastKnownFileType = sourcecode.c.h; path = AppDelegate.h; sourceTree = "<group>"; };
		3227FDBD258B084A00ED046A /* AppDelegate.m */ = {isa = PBXFileReference; lastKnownFileType = sourcecode.c.objc; path = AppDelegate.m; sourceTree = "<group>"; };
		3227FDBF258B084A00ED046A /* SceneDelegate.h */ = {isa = PBXFileReference; lastKnownFileType = sourcecode.c.h; path = SceneDelegate.h; sourceTree = "<group>"; };
		3227FDC0258B084A00ED046A /* SceneDelegate.m */ = {isa = PBXFileReference; lastKnownFileType = sourcecode.c.objc; path = SceneDelegate.m; sourceTree = "<group>"; };
		3227FDC2258B084A00ED046A /* ViewController.h */ = {isa = PBXFileReference; lastKnownFileType = sourcecode.c.h; path = ViewController.h; sourceTree = "<group>"; };
		3227FDC3258B084A00ED046A /* ViewController.m */ = {isa = PBXFileReference; lastKnownFileType = sourcecode.c.objc; path = ViewController.m; sourceTree = "<group>"; };
		3227FDC6258B084A00ED046A /* Base */ = {isa = PBXFileReference; lastKnownFileType = file.storyboard; name = Base; path = Base.lproj/Main.storyboard; sourceTree = "<group>"; };
		3227FDC8258B084F00ED046A /* Assets.xcassets */ = {isa = PBXFileReference; lastKnownFileType = folder.assetcatalog; path = Assets.xcassets; sourceTree = "<group>"; };
		3227FDCB258B084F00ED046A /* Base */ = {isa = PBXFileReference; lastKnownFileType = file.storyboard; name = Base; path = Base.lproj/LaunchScreen.storyboard; sourceTree = "<group>"; };
		3227FDCD258B084F00ED046A /* Info.plist */ = {isa = PBXFileReference; lastKnownFileType = text.plist.xml; path = Info.plist; sourceTree = "<group>"; };
		3227FDCE258B084F00ED046A /* main.m */ = {isa = PBXFileReference; lastKnownFileType = sourcecode.c.objc; path = main.m; sourceTree = "<group>"; };
		3227FDE4258C3FDC00ED046A /* 01.jpg */ = {isa = PBXFileReference; lastKnownFileType = image.jpeg; path = 01.jpg; sourceTree = "<group>"; };
		3227FDE5258C3FDC00ED046A /* 02.jpg */ = {isa = PBXFileReference; lastKnownFileType = image.jpeg; path = 02.jpg; sourceTree = "<group>"; };
		3227FDE8258C3FE700ED046A /* CATransitionViewController.h */ = {isa = PBXFileReference; fileEncoding = 4; lastKnownFileType = sourcecode.c.h; path = CATransitionViewController.h; sourceTree = "<group>"; };
		3227FDE9258C3FE700ED046A /* CAAnimationViewController.h */ = {isa = PBXFileReference; fileEncoding = 4; lastKnownFileType = sourcecode.c.h; path = CAAnimationViewController.h; sourceTree = "<group>"; };
		3227FDEA258C3FE800ED046A /* CAAnimationViewController.m */ = {isa = PBXFileReference; fileEncoding = 4; lastKnownFileType = sourcecode.c.objc; path = CAAnimationViewController.m; sourceTree = "<group>"; };
		3227FDEB258C3FE800ED046A /* CATransitionViewController.m */ = {isa = PBXFileReference; fileEncoding = 4; lastKnownFileType = sourcecode.c.objc; path = CATransitionViewController.m; sourceTree = "<group>"; };
		3227FDEC258C3FE800ED046A /* GJAnimationDemo.entitlements */ = {isa = PBXFileReference; fileEncoding = 4; lastKnownFileType = text.plist.entitlements; path = GJAnimationDemo.entitlements; sourceTree = "<group>"; };
		3227FDEE258C3FE800ED046A /* GJAnimationDemo.xcdatamodel */ = {isa = PBXFileReference; lastKnownFileType = wrapper.xcdatamodel; path = GJAnimationDemo.xcdatamodel; sourceTree = "<group>"; };
		3227FDF2258C3FF600ED046A /* NFCManager.m */ = {isa = PBXFileReference; fileEncoding = 4; lastKnownFileType = sourcecode.c.objc; path = NFCManager.m; sourceTree = "<group>"; };
		3227FDF3258C3FF600ED046A /* NFCManager.h */ = {isa = PBXFileReference; fileEncoding = 4; lastKnownFileType = sourcecode.c.h; path = NFCManager.h; sourceTree = "<group>"; };
		3227FDF4258C3FF700ED046A /* NFCScanViewController.m */ = {isa = PBXFileReference; fileEncoding = 4; lastKnownFileType = sourcecode.c.objc; path = NFCScanViewController.m; sourceTree = "<group>"; };
		3227FDF5258C3FF700ED046A /* NFCScanViewController.h */ = {isa = PBXFileReference; fileEncoding = 4; lastKnownFileType = sourcecode.c.h; path = NFCScanViewController.h; sourceTree = "<group>"; };
		3227FDF6258C3FF700ED046A /* NFCScanViewController.xib */ = {isa = PBXFileReference; fileEncoding = 4; lastKnownFileType = file.xib; path = NFCScanViewController.xib; sourceTree = "<group>"; };
/* End PBXFileReference section */

/* Begin PBXFrameworksBuildPhase section */
		3227FDB6258B084A00ED046A /* Frameworks */ = {
			isa = PBXFrameworksBuildPhase;
			buildActionMask = 2147483647;
			files = (
			);
			runOnlyForDeploymentPostprocessing = 0;
		};
/* End PBXFrameworksBuildPhase section */

/* Begin PBXGroup section */
		3227FDB0258B084A00ED046A = {
			isa = PBXGroup;
			children = (
				3227FDBB258B084A00ED046A /* HelloWorld */,
				3227FDBA258B084A00ED046A /* Products */,
			);
			sourceTree = "<group>";
		};
		3227FDBA258B084A00ED046A /* Products */ = {
			isa = PBXGroup;
			children = (
				3227FDB9258B084A00ED046A /* HelloWorld.app */,
			);
			name = Products;
			sourceTree = "<group>";
		};
		3227FDBB258B084A00ED046A /* HelloWorld */ = {
			isa = PBXGroup;
			children = (
				3227FDF3258C3FF600ED046A /* NFCManager.h */,
				3227FDF2258C3FF600ED046A /* NFCManager.m */,
				3227FDF5258C3FF700ED046A /* NFCScanViewController.h */,
				3227FDF4258C3FF700ED046A /* NFCScanViewController.m */,
				3227FDF6258C3FF700ED046A /* NFCScanViewController.xib */,
				3227FDE9258C3FE700ED046A /* CAAnimationViewController.h */,
				3227FDEA258C3FE800ED046A /* CAAnimationViewController.m */,
				3227FDE8258C3FE700ED046A /* CATransitionViewController.h */,
				3227FDEB258C3FE800ED046A /* CATransitionViewController.m */,
				3227FDEC258C3FE800ED046A /* GJAnimationDemo.entitlements */,
				3227FDED258C3FE800ED046A /* GJAnimationDemo.xcdatamodeld */,
				3227FDE4258C3FDC00ED046A /* 01.jpg */,
				3227FDE5258C3FDC00ED046A /* 02.jpg */,
				3227FDBC258B084A00ED046A /* AppDelegate.h */,
				3227FDBD258B084A00ED046A /* AppDelegate.m */,
				3227FDBF258B084A00ED046A /* SceneDelegate.h */,
				3227FDC0258B084A00ED046A /* SceneDelegate.m */,
				3227FDC2258B084A00ED046A /* ViewController.h */,
				3227FDC3258B084A00ED046A /* ViewController.m */,
				3227FDC5258B084A00ED046A /* Main.storyboard */,
				3227FDC8258B084F00ED046A /* Assets.xcassets */,
				3227FDCA258B084F00ED046A /* LaunchScreen.storyboard */,
				3227FDCD258B084F00ED046A /* Info.plist */,
				3227FDCE258B084F00ED046A /* main.m */,
			);
			path = HelloWorld;
			sourceTree = "<group>";
		};
/* End PBXGroup section */

/* Begin PBXNativeTarget section */
		3227FDB8258B084A00ED046A /* HelloWorld */ = {
			isa = PBXNativeTarget;
			buildConfigurationList = 3227FDD2258B084F00ED046A /* Build configuration list for PBXNativeTarget "HelloWorld" */;
			buildPhases = (
				3227FDB5258B084A00ED046A /* Sources */,
				3227FDB6258B084A00ED046A /* Frameworks */,
				3227FDB7258B084A00ED046A /* Resources */,
			);
			buildRules = (
			);
			dependencies = (
			);
			name = HelloWorld;
			productName = HelloWorld;
			productReference = 3227FDB9258B084A00ED046A /* HelloWorld.app */;
			productType = "com.apple.product-type.application";
		};
/* End PBXNativeTarget section */

/* Begin PBXProject section */
		3227FDB1258B084A00ED046A /* Project object */ = {
			isa = PBXProject;
			attributes = {
				LastUpgradeCheck = 1120;
				ORGANIZATIONNAME = GaoJie;
				TargetAttributes = {
					3227FDB8258B084A00ED046A = {
						CreatedOnToolsVersion = 11.2.1;
					};
				};
			};
			buildConfigurationList = 3227FDB4258B084A00ED046A /* Build configuration list for PBXProject "HelloWorld" */;
			compatibilityVersion = "Xcode 9.3";
			developmentRegion = en;
			hasScannedForEncodings = 0;
			knownRegions = (
				en,
				Base,
			);
			mainGroup = 3227FDB0258B084A00ED046A;
			productRefGroup = 3227FDBA258B084A00ED046A /* Products */;
			projectDirPath = "";
			projectRoot = "";
			targets = (
				3227FDB8258B084A00ED046A /* HelloWorld */,
			);
		};
/* End PBXProject section */

/* Begin PBXResourcesBuildPhase section */
		3227FDB7258B084A00ED046A /* Resources */ = {
			isa = PBXResourcesBuildPhase;
			buildActionMask = 2147483647;
			files = (
				3227FDE7258C3FDC00ED046A /* 02.jpg in Resources */,
				3227FDF9258C3FF700ED046A /* NFCScanViewController.xib in Resources */,
				3227FDCC258B084F00ED046A /* LaunchScreen.storyboard in Resources */,
				3227FDC9258B084F00ED046A /* Assets.xcassets in Resources */,
				3227FDE6258C3FDC00ED046A /* 01.jpg in Resources */,
				3227FDC7258B084A00ED046A /* Main.storyboard in Resources */,
			);
			runOnlyForDeploymentPostprocessing = 0;
		};
/* End PBXResourcesBuildPhase section */

/* Begin PBXSourcesBuildPhase section */
		3227FDB5258B084A00ED046A /* Sources */ = {
			isa = PBXSourcesBuildPhase;
			buildActionMask = 2147483647;
			files = (
				3227FDC4258B084A00ED046A /* ViewController.m in Sources */,
				3227FDF7258C3FF700ED046A /* NFCManager.m in Sources */,
				3227FDEF258C3FE800ED046A /* CAAnimationViewController.m in Sources */,
				3227FDF1258C3FE800ED046A /* GJAnimationDemo.xcdatamodeld in Sources */,
				3227FDBE258B084A00ED046A /* AppDelegate.m in Sources */,
				3227FDCF258B084F00ED046A /* main.m in Sources */,
				3227FDC1258B084A00ED046A /* SceneDelegate.m in Sources */,
				3227FDF8258C3FF700ED046A /* NFCScanViewController.m in Sources */,
				3227FDF0258C3FE800ED046A /* CATransitionViewController.m in Sources */,
			);
			runOnlyForDeploymentPostprocessing = 0;
		};
/* End PBXSourcesBuildPhase section */

/* Begin PBXVariantGroup section */
		3227FDC5258B084A00ED046A /* Main.storyboard */ = {
			isa = PBXVariantGroup;
			children = (
				3227FDC6258B084A00ED046A /* Base */,
			);
			name = Main.storyboard;
			sourceTree = "<group>";
		};
		3227FDCA258B084F00ED046A /* LaunchScreen.storyboard */ = {
			isa = PBXVariantGroup;
			children = (
				3227FDCB258B084F00ED046A /* Base */,
			);
			name = LaunchScreen.storyboard;
			sourceTree = "<group>";
		};
/* End PBXVariantGroup section */

/* Begin XCBuildConfiguration section */
		3227FDD0258B084F00ED046A /* Debug */ = {
			isa = XCBuildConfiguration;
			buildSettings = {
				ALWAYS_SEARCH_USER_PATHS = NO;
				CLANG_ANALYZER_NONNULL = YES;
				CLANG_ANALYZER_NUMBER_OBJECT_CONVERSION = YES_AGGRESSIVE;
				CLANG_CXX_LANGUAGE_STANDARD = "gnu++14";
				CLANG_CXX_LIBRARY = "libc++";
				CLANG_ENABLE_MODULES = YES;
				CLANG_ENABLE_OBJC_ARC = YES;
				CLANG_ENABLE_OBJC_WEAK = YES;
				CLANG_WARN_BLOCK_CAPTURE_AUTORELEASING = YES;
				CLANG_WARN_BOOL_CONVERSION = YES;
				CLANG_WARN_COMMA = YES;
				CLANG_WARN_CONSTANT_CONVERSION = YES;
				CLANG_WARN_DEPRECATED_OBJC_IMPLEMENTATIONS = YES;
				CLANG_WARN_DIRECT_OBJC_ISA_USAGE = YES_ERROR;
				CLANG_WARN_DOCUMENTATION_COMMENTS = YES;
				CLANG_WARN_EMPTY_BODY = YES;
				CLANG_WARN_ENUM_CONVERSION = YES;
				CLANG_WARN_INFINITE_RECURSION = YES;
				CLANG_WARN_INT_CONVERSION = YES;
				CLANG_WARN_NON_LITERAL_NULL_CONVERSION = YES;
				CLANG_WARN_OBJC_IMPLICIT_RETAIN_SELF = YES;
				CLANG_WARN_OBJC_LITERAL_CONVERSION = YES;
				CLANG_WARN_OBJC_ROOT_CLASS = YES_ERROR;
				CLANG_WARN_RANGE_LOOP_ANALYSIS = YES;
				CLANG_WARN_STRICT_PROTOTYPES = YES;
				CLANG_WARN_SUSPICIOUS_MOVE = YES;
				CLANG_WARN_UNGUARDED_AVAILABILITY = YES_AGGRESSIVE;
				CLANG_WARN_UNREACHABLE_CODE = YES;
				CLANG_WARN__DUPLICATE_METHOD_MATCH = YES;
				COPY_PHASE_STRIP = NO;
				DEBUG_INFORMATION_FORMAT = dwarf;
				ENABLE_STRICT_OBJC_MSGSEND = YES;
				ENABLE_TESTABILITY = YES;
				GCC_C_LANGUAGE_STANDARD = gnu11;
				GCC_DYNAMIC_NO_PIC = NO;
				GCC_NO_COMMON_BLOCKS = YES;
				GCC_OPTIMIZATION_LEVEL = 0;
				GCC_PREPROCESSOR_DEFINITIONS = (
					"DEBUG=1",
					"$(inherited)",
				);
				GCC_WARN_64_TO_32_BIT_CONVERSION = YES;
				GCC_WARN_ABOUT_RETURN_TYPE = YES_ERROR;
				GCC_WARN_UNDECLARED_SELECTOR = YES;
				GCC_WARN_UNINITIALIZED_AUTOS = YES_AGGRESSIVE;
				GCC_WARN_UNUSED_FUNCTION = YES;
				GCC_WARN_UNUSED_VARIABLE = YES;
				IPHONEOS_DEPLOYMENT_TARGET = 13.2;
				MTL_ENABLE_DEBUG_INFO = INCLUDE_SOURCE;
				MTL_FAST_MATH = YES;
				ONLY_ACTIVE_ARCH = YES;
				SDKROOT = iphoneos;
			};
			name = Debug;
		};
		3227FDD1258B084F00ED046A /* Release */ = {
			isa = XCBuildConfiguration;
			buildSettings = {
				ALWAYS_SEARCH_USER_PATHS = NO;
				CLANG_ANALYZER_NONNULL = YES;
				CLANG_ANALYZER_NUMBER_OBJECT_CONVERSION = YES_AGGRESSIVE;
				CLANG_CXX_LANGUAGE_STANDARD = "gnu++14";
				CLANG_CXX_LIBRARY = "libc++";
				CLANG_ENABLE_MODULES = YES;
				CLANG_ENABLE_OBJC_ARC = YES;
				CLANG_ENABLE_OBJC_WEAK = YES;
				CLANG_WARN_BLOCK_CAPTURE_AUTORELEASING = YES;
				CLANG_WARN_BOOL_CONVERSION = YES;
				CLANG_WARN_COMMA = YES;
				CLANG_WARN_CONSTANT_CONVERSION = YES;
				CLANG_WARN_DEPRECATED_OBJC_IMPLEMENTATIONS = YES;
				CLANG_WARN_DIRECT_OBJC_ISA_USAGE = YES_ERROR;
				CLANG_WARN_DOCUMENTATION_COMMENTS = YES;
				CLANG_WARN_EMPTY_BODY = YES;
				CLANG_WARN_ENUM_CONVERSION = YES;
				CLANG_WARN_INFINITE_RECURSION = YES;
				CLANG_WARN_INT_CONVERSION = YES;
				CLANG_WARN_NON_LITERAL_NULL_CONVERSION = YES;
				CLANG_WARN_OBJC_IMPLICIT_RETAIN_SELF = YES;
				CLANG_WARN_OBJC_LITERAL_CONVERSION = YES;
				CLANG_WARN_OBJC_ROOT_CLASS = YES_ERROR;
				CLANG_WARN_RANGE_LOOP_ANALYSIS = YES;
				CLANG_WARN_STRICT_PROTOTYPES = YES;
				CLANG_WARN_SUSPICIOUS_MOVE = YES;
				CLANG_WARN_UNGUARDED_AVAILABILITY = YES_AGGRESSIVE;
				CLANG_WARN_UNREACHABLE_CODE = YES;
				CLANG_WARN__DUPLICATE_METHOD_MATCH = YES;
				COPY_PHASE_STRIP = NO;
				DEBUG_INFORMATION_FORMAT = "dwarf-with-dsym";
				ENABLE_NS_ASSERTIONS = NO;
				ENABLE_STRICT_OBJC_MSGSEND = YES;
				GCC_C_LANGUAGE_STANDARD = gnu11;
				GCC_NO_COMMON_BLOCKS = YES;
				GCC_WARN_64_TO_32_BIT_CONVERSION = YES;
				GCC_WARN_ABOUT_RETURN_TYPE = YES_ERROR;
				GCC_WARN_UNDECLARED_SELECTOR = YES;
				GCC_WARN_UNINITIALIZED_AUTOS = YES_AGGRESSIVE;
				GCC_WARN_UNUSED_FUNCTION = YES;
				GCC_WARN_UNUSED_VARIABLE = YES;
				IPHONEOS_DEPLOYMENT_TARGET = 13.2;
				MTL_ENABLE_DEBUG_INFO = NO;
				MTL_FAST_MATH = YES;
				SDKROOT = iphoneos;
				VALIDATE_PRODUCT = YES;
			};
			name = Release;
		};
		3227FDD3258B084F00ED046A /* Debug */ = {
			isa = XCBuildConfiguration;
			buildSettings = {
				ASSETCATALOG_COMPILER_APPICON_NAME = AppIcon;
				CODE_SIGN_IDENTITY = "iPhone Distribution";
				CODE_SIGN_STYLE = Manual;
				DEVELOPMENT_TEAM = 9G6H78HN75;
				INFOPLIST_FILE = HelloWorld/Info.plist;
				LD_RUNPATH_SEARCH_PATHS = (
					"$(inherited)",
					"@executable_path/Frameworks",
				);
				PRODUCT_BUNDLE_IDENTIFIER = com.joydigit.nexsight.nexop.worker.zdjs.dev;
				PRODUCT_NAME = "$(TARGET_NAME)";
				PROVISIONING_PROFILE_SPECIFIER = PP_ZDJS_Worker_Test_InHouse;
				TARGETED_DEVICE_FAMILY = "1,2";
			};
			name = Debug;
		};
		3227FDD4258B084F00ED046A /* Release */ = {
			isa = XCBuildConfiguration;
			buildSettings = {
				ASSETCATALOG_COMPILER_APPICON_NAME = AppIcon;
				CODE_SIGN_IDENTITY = "iPhone Distribution";
				CODE_SIGN_STYLE = Manual;
				DEVELOPMENT_TEAM = 9G6H78HN75;
				INFOPLIST_FILE = HelloWorld/Info.plist;
				LD_RUNPATH_SEARCH_PATHS = (
					"$(inherited)",
					"@executable_path/Frameworks",
				);
				PRODUCT_BUNDLE_IDENTIFIER = com.joydigit.nexsight.nexop.worker.zdjs.dev;
				PRODUCT_NAME = "$(TARGET_NAME)";
				PROVISIONING_PROFILE_SPECIFIER = PP_ZDJS_Worker_Test_InHouse;
				TARGETED_DEVICE_FAMILY = "1,2";
			};
			name = Release;
		};
/* End XCBuildConfiguration section */

/* Begin XCConfigurationList section */
		3227FDB4258B084A00ED046A /* Build configuration list for PBXProject "HelloWorld" */ = {
			isa = XCConfigurationList;
			buildConfigurations = (
				3227FDD0258B084F00ED046A /* Debug */,
				3227FDD1258B084F00ED046A /* Release */,
			);
			defaultConfigurationIsVisible = 0;
			defaultConfigurationName = Release;
		};
		3227FDD2258B084F00ED046A /* Build configuration list for PBXNativeTarget "HelloWorld" */ = {
			isa = XCConfigurationList;
			buildConfigurations = (
				3227FDD3258B084F00ED046A /* Debug */,
				3227FDD4258B084F00ED046A /* Release */,
			);
			defaultConfigurationIsVisible = 0;
			defaultConfigurationName = Release;
		};
/* End XCConfigurationList section */

/* Begin XCVersionGroup section */
		3227FDED258C3FE800ED046A /* GJAnimationDemo.xcdatamodeld */ = {
			isa = XCVersionGroup;
			children = (
				3227FDEE258C3FE800ED046A /* GJAnimationDemo.xcdatamodel */,
			);
			currentVersion = 3227FDEE258C3FE800ED046A /* GJAnimationDemo.xcdatamodel */;
			path = GJAnimationDemo.xcdatamodeld;
			sourceTree = "<group>";
			versionGroupType = wrapper.xcdatamodel;
		};
/* End XCVersionGroup section */
	};
	rootObject = 3227FDB1258B084A00ED046A /* Project object */;
}
